// !$*UTF8*$!
{
	archiveVersion = 1;
	classes = {
	};
	objectVersion = 46;
	objects = {

/* Begin PBXBuildFile section */
		CDAC20441E57113A000AF61C /* main.m in Sources */ = {isa = PBXBuildFile; fileRef = CDAC20431E57113A000AF61C /* main.m */; };
		CDAC20471E57113A000AF61C /* AppDelegate.m in Sources */ = {isa = PBXBuildFile; fileRef = CDAC20461E57113A000AF61C /* AppDelegate.m */; };
		CDAC204F1E57113A000AF61C /* Assets.xcassets in Resources */ = {isa = PBXBuildFile; fileRef = CDAC204E1E57113A000AF61C /* Assets.xcassets */; };
		CDAC20521E57113A000AF61C /* LaunchScreen.storyboard in Resources */ = {isa = PBXBuildFile; fileRef = CDAC20501E57113A000AF61C /* LaunchScreen.storyboard */; };
		CDAC20791E5711C2000AF61C /* NSArray+CZAddition.m in Sources */ = {isa = PBXBuildFile; fileRef = CDAC205F1E5711C2000AF61C /* NSArray+CZAddition.m */; };
		CDAC207A1E5711C2000AF61C /* NSArray+Log.m in Sources */ = {isa = PBXBuildFile; fileRef = CDAC20611E5711C2000AF61C /* NSArray+Log.m */; };
		CDAC207B1E5711C2000AF61C /* NSAttributedString+CZAdditon.m in Sources */ = {isa = PBXBuildFile; fileRef = CDAC20631E5711C2000AF61C /* NSAttributedString+CZAdditon.m */; };
		CDAC207C1E5711C2000AF61C /* NSObject+CZAddition.m in Sources */ = {isa = PBXBuildFile; fileRef = CDAC20651E5711C2000AF61C /* NSObject+CZAddition.m */; };
		CDAC207D1E5711C2000AF61C /* UIButton+CZAddition.m in Sources */ = {isa = PBXBuildFile; fileRef = CDAC20671E5711C2000AF61C /* UIButton+CZAddition.m */; };
		CDAC207E1E5711C2000AF61C /* UIColor+CZAddition.m in Sources */ = {isa = PBXBuildFile; fileRef = CDAC20691E5711C2000AF61C /* UIColor+CZAddition.m */; };
		CDAC207F1E5711C2000AF61C /* UILabel+CZAddition.m in Sources */ = {isa = PBXBuildFile; fileRef = CDAC206B1E5711C2000AF61C /* UILabel+CZAddition.m */; };
		CDAC20801E5711C2000AF61C /* UIScreen+CZAddition.m in Sources */ = {isa = PBXBuildFile; fileRef = CDAC206D1E5711C2000AF61C /* UIScreen+CZAddition.m */; };
		CDAC20811E5711C2000AF61C /* UIView+CZAddition.m in Sources */ = {isa = PBXBuildFile; fileRef = CDAC206F1E5711C2000AF61C /* UIView+CZAddition.m */; };
		CDAC20821E5711C2000AF61C /* UIViewController+CZAddition.m in Sources */ = {isa = PBXBuildFile; fileRef = CDAC20711E5711C2000AF61C /* UIViewController+CZAddition.m */; };
		CDAC20831E5711C2000AF61C /* MTBaseControl.m in Sources */ = {isa = PBXBuildFile; fileRef = CDAC20741E5711C2000AF61C /* MTBaseControl.m */; };
		CDAC20841E5711C2000AF61C /* MTBaseView.m in Sources */ = {isa = PBXBuildFile; fileRef = CDAC20761E5711C2000AF61C /* MTBaseView.m */; };
		CDAC20851E5711C2000AF61C /* MTBaseViewController.m in Sources */ = {isa = PBXBuildFile; fileRef = CDAC20781E5711C2000AF61C /* MTBaseViewController.m */; };
		CDAC208B1E571433000AF61C /* MTHomeViewController.m in Sources */ = {isa = PBXBuildFile; fileRef = CDAC208A1E571433000AF61C /* MTHomeViewController.m */; };
		CDAC20A81E57157B000AF61C /* Info.plist in Resources */ = {isa = PBXBuildFile; fileRef = CDAC208E1E57157B000AF61C /* Info.plist */; };
		CDAC20A91E57157B000AF61C /* MASCompositeConstraint.m in Sources */ = {isa = PBXBuildFile; fileRef = CDAC20901E57157B000AF61C /* MASCompositeConstraint.m */; };
		CDAC20AA1E57157B000AF61C /* MASConstraint.m in Sources */ = {isa = PBXBuildFile; fileRef = CDAC20931E57157B000AF61C /* MASConstraint.m */; };
		CDAC20AB1E57157B000AF61C /* MASConstraintMaker.m in Sources */ = {isa = PBXBuildFile; fileRef = CDAC20951E57157B000AF61C /* MASConstraintMaker.m */; };
		CDAC20AC1E57157B000AF61C /* MASLayoutConstraint.m in Sources */ = {isa = PBXBuildFile; fileRef = CDAC20971E57157B000AF61C /* MASLayoutConstraint.m */; };
		CDAC20AD1E57157B000AF61C /* MASViewAttribute.m in Sources */ = {isa = PBXBuildFile; fileRef = CDAC209B1E57157B000AF61C /* MASViewAttribute.m */; };
		CDAC20AE1E57157B000AF61C /* MASViewConstraint.m in Sources */ = {isa = PBXBuildFile; fileRef = CDAC209D1E57157B000AF61C /* MASViewConstraint.m */; };
		CDAC20AF1E57157B000AF61C /* NSArray+MASAdditions.m in Sources */ = {isa = PBXBuildFile; fileRef = CDAC209F1E57157B000AF61C /* NSArray+MASAdditions.m */; };
		CDAC20B01E57157B000AF61C /* NSLayoutConstraint+MASDebugAdditions.m in Sources */ = {isa = PBXBuildFile; fileRef = CDAC20A21E57157B000AF61C /* NSLayoutConstraint+MASDebugAdditions.m */; };
		CDAC20B11E57157B000AF61C /* View+MASAdditions.m in Sources */ = {isa = PBXBuildFile; fileRef = CDAC20A41E57157B000AF61C /* View+MASAdditions.m */; };
		CDAC20B21E57157B000AF61C /* ViewController+MASAdditions.m in Sources */ = {isa = PBXBuildFile; fileRef = CDAC20A71E57157B000AF61C /* ViewController+MASAdditions.m */; };
/* End PBXBuildFile section */

/* Begin PBXFileReference section */
		CDAC203F1E57113A000AF61C /* 美团外卖Demo.app */ = {isa = PBXFileReference; explicitFileType = wrapper.application; includeInIndex = 0; path = "美团外卖Demo.app"; sourceTree = BUILT_PRODUCTS_DIR; };
		CDAC20431E57113A000AF61C /* main.m */ = {isa = PBXFileReference; lastKnownFileType = sourcecode.c.objc; path = main.m; sourceTree = "<group>"; };
		CDAC20451E57113A000AF61C /* AppDelegate.h */ = {isa = PBXFileReference; lastKnownFileType = sourcecode.c.h; path = AppDelegate.h; sourceTree = "<group>"; };
		CDAC20461E57113A000AF61C /* AppDelegate.m */ = {isa = PBXFileReference; lastKnownFileType = sourcecode.c.objc; path = AppDelegate.m; sourceTree = "<group>"; };
		CDAC204E1E57113A000AF61C /* Assets.xcassets */ = {isa = PBXFileReference; lastKnownFileType = folder.assetcatalog; path = Assets.xcassets; sourceTree = "<group>"; };
		CDAC20511E57113A000AF61C /* Base */ = {isa = PBXFileReference; lastKnownFileType = file.storyboard; name = Base; path = Base.lproj/LaunchScreen.storyboard; sourceTree = "<group>"; };
		CDAC20531E57113B000AF61C /* Info.plist */ = {isa = PBXFileReference; lastKnownFileType = text.plist.xml; path = Info.plist; sourceTree = "<group>"; };
		CDAC205D1E5711C2000AF61C /* CZAdditions.h */ = {isa = PBXFileReference; fileEncoding = 4; lastKnownFileType = sourcecode.c.h; path = CZAdditions.h; sourceTree = "<group>"; };
		CDAC205E1E5711C2000AF61C /* NSArray+CZAddition.h */ = {isa = PBXFileReference; fileEncoding = 4; lastKnownFileType = sourcecode.c.h; path = "NSArray+CZAddition.h"; sourceTree = "<group>"; };
		CDAC205F1E5711C2000AF61C /* NSArray+CZAddition.m */ = {isa = PBXFileReference; fileEncoding = 4; lastKnownFileType = sourcecode.c.objc; path = "NSArray+CZAddition.m"; sourceTree = "<group>"; };
		CDAC20601E5711C2000AF61C /* NSArray+Log.h */ = {isa = PBXFileReference; fileEncoding = 4; lastKnownFileType = sourcecode.c.h; path = "NSArray+Log.h"; sourceTree = "<group>"; };
		CDAC20611E5711C2000AF61C /* NSArray+Log.m */ = {isa = PBXFileReference; fileEncoding = 4; lastKnownFileType = sourcecode.c.objc; path = "NSArray+Log.m"; sourceTree = "<group>"; };
		CDAC20621E5711C2000AF61C /* NSAttributedString+CZAdditon.h */ = {isa = PBXFileReference; fileEncoding = 4; lastKnownFileType = sourcecode.c.h; path = "NSAttributedString+CZAdditon.h"; sourceTree = "<group>"; };
		CDAC20631E5711C2000AF61C /* NSAttributedString+CZAdditon.m */ = {isa = PBXFileReference; fileEncoding = 4; lastKnownFileType = sourcecode.c.objc; path = "NSAttributedString+CZAdditon.m"; sourceTree = "<group>"; };
		CDAC20641E5711C2000AF61C /* NSObject+CZAddition.h */ = {isa = PBXFileReference; fileEncoding = 4; lastKnownFileType = sourcecode.c.h; path = "NSObject+CZAddition.h"; sourceTree = "<group>"; };
		CDAC20651E5711C2000AF61C /* NSObject+CZAddition.m */ = {isa = PBXFileReference; fileEncoding = 4; lastKnownFileType = sourcecode.c.objc; path = "NSObject+CZAddition.m"; sourceTree = "<group>"; };
		CDAC20661E5711C2000AF61C /* UIButton+CZAddition.h */ = {isa = PBXFileReference; fileEncoding = 4; lastKnownFileType = sourcecode.c.h; path = "UIButton+CZAddition.h"; sourceTree = "<group>"; };
		CDAC20671E5711C2000AF61C /* UIButton+CZAddition.m */ = {isa = PBXFileReference; fileEncoding = 4; lastKnownFileType = sourcecode.c.objc; path = "UIButton+CZAddition.m"; sourceTree = "<group>"; };
		CDAC20681E5711C2000AF61C /* UIColor+CZAddition.h */ = {isa = PBXFileReference; fileEncoding = 4; lastKnownFileType = sourcecode.c.h; path = "UIColor+CZAddition.h"; sourceTree = "<group>"; };
		CDAC20691E5711C2000AF61C /* UIColor+CZAddition.m */ = {isa = PBXFileReference; fileEncoding = 4; lastKnownFileType = sourcecode.c.objc; path = "UIColor+CZAddition.m"; sourceTree = "<group>"; };
		CDAC206A1E5711C2000AF61C /* UILabel+CZAddition.h */ = {isa = PBXFileReference; fileEncoding = 4; lastKnownFileType = sourcecode.c.h; path = "UILabel+CZAddition.h"; sourceTree = "<group>"; };
		CDAC206B1E5711C2000AF61C /* UILabel+CZAddition.m */ = {isa = PBXFileReference; fileEncoding = 4; lastKnownFileType = sourcecode.c.objc; path = "UILabel+CZAddition.m"; sourceTree = "<group>"; };
		CDAC206C1E5711C2000AF61C /* UIScreen+CZAddition.h */ = {isa = PBXFileReference; fileEncoding = 4; lastKnownFileType = sourcecode.c.h; path = "UIScreen+CZAddition.h"; sourceTree = "<group>"; };
		CDAC206D1E5711C2000AF61C /* UIScreen+CZAddition.m */ = {isa = PBXFileReference; fileEncoding = 4; lastKnownFileType = sourcecode.c.objc; path = "UIScreen+CZAddition.m"; sourceTree = "<group>"; };
		CDAC206E1E5711C2000AF61C /* UIView+CZAddition.h */ = {isa = PBXFileReference; fileEncoding = 4; lastKnownFileType = sourcecode.c.h; path = "UIView+CZAddition.h"; sourceTree = "<group>"; };
		CDAC206F1E5711C2000AF61C /* UIView+CZAddition.m */ = {isa = PBXFileReference; fileEncoding = 4; lastKnownFileType = sourcecode.c.objc; path = "UIView+CZAddition.m"; sourceTree = "<group>"; };
		CDAC20701E5711C2000AF61C /* UIViewController+CZAddition.h */ = {isa = PBXFileReference; fileEncoding = 4; lastKnownFileType = sourcecode.c.h; path = "UIViewController+CZAddition.h"; sourceTree = "<group>"; };
		CDAC20711E5711C2000AF61C /* UIViewController+CZAddition.m */ = {isa = PBXFileReference; fileEncoding = 4; lastKnownFileType = sourcecode.c.objc; path = "UIViewController+CZAddition.m"; sourceTree = "<group>"; };
		CDAC20731E5711C2000AF61C /* MTBaseControl.h */ = {isa = PBXFileReference; fileEncoding = 4; lastKnownFileType = sourcecode.c.h; path = MTBaseControl.h; sourceTree = "<group>"; };
		CDAC20741E5711C2000AF61C /* MTBaseControl.m */ = {isa = PBXFileReference; fileEncoding = 4; lastKnownFileType = sourcecode.c.objc; path = MTBaseControl.m; sourceTree = "<group>"; };
		CDAC20751E5711C2000AF61C /* MTBaseView.h */ = {isa = PBXFileReference; fileEncoding = 4; lastKnownFileType = sourcecode.c.h; path = MTBaseView.h; sourceTree = "<group>"; };
		CDAC20761E5711C2000AF61C /* MTBaseView.m */ = {isa = PBXFileReference; fileEncoding = 4; lastKnownFileType = sourcecode.c.objc; path = MTBaseView.m; sourceTree = "<group>"; };
		CDAC20771E5711C2000AF61C /* MTBaseViewController.h */ = {isa = PBXFileReference; fileEncoding = 4; lastKnownFileType = sourcecode.c.h; path = MTBaseViewController.h; sourceTree = "<group>"; };
		CDAC20781E5711C2000AF61C /* MTBaseViewController.m */ = {isa = PBXFileReference; fileEncoding = 4; lastKnownFileType = sourcecode.c.objc; path = MTBaseViewController.m; sourceTree = "<group>"; };
		CDAC20891E571433000AF61C /* MTHomeViewController.h */ = {isa = PBXFileReference; fileEncoding = 4; lastKnownFileType = sourcecode.c.h; path = MTHomeViewController.h; sourceTree = "<group>"; };
		CDAC208A1E571433000AF61C /* MTHomeViewController.m */ = {isa = PBXFileReference; fileEncoding = 4; lastKnownFileType = sourcecode.c.objc; path = MTHomeViewController.m; sourceTree = "<group>"; };
		CDAC208E1E57157B000AF61C /* Info.plist */ = {isa = PBXFileReference; fileEncoding = 4; lastKnownFileType = text.plist.xml; path = Info.plist; sourceTree = "<group>"; };
		CDAC208F1E57157B000AF61C /* MASCompositeConstraint.h */ = {isa = PBXFileReference; fileEncoding = 4; lastKnownFileType = sourcecode.c.h; path = MASCompositeConstraint.h; sourceTree = "<group>"; };
		CDAC20901E57157B000AF61C /* MASCompositeConstraint.m */ = {isa = PBXFileReference; fileEncoding = 4; lastKnownFileType = sourcecode.c.objc; path = MASCompositeConstraint.m; sourceTree = "<group>"; };
		CDAC20911E57157B000AF61C /* MASConstraint+Private.h */ = {isa = PBXFileReference; fileEncoding = 4; lastKnownFileType = sourcecode.c.h; path = "MASConstraint+Private.h"; sourceTree = "<group>"; };
		CDAC20921E57157B000AF61C /* MASConstraint.h */ = {isa = PBXFileReference; fileEncoding = 4; lastKnownFileType = sourcecode.c.h; path = MASConstraint.h; sourceTree = "<group>"; };
		CDAC20931E57157B000AF61C /* MASConstraint.m */ = {isa = PBXFileReference; fileEncoding = 4; lastKnownFileType = sourcecode.c.objc; path = MASConstraint.m; sourceTree = "<group>"; };
		CDAC20941E57157B000AF61C /* MASConstraintMaker.h */ = {isa = PBXFileReference; fileEncoding = 4; lastKnownFileType = sourcecode.c.h; path = MASConstraintMaker.h; sourceTree = "<group>"; };
		CDAC20951E57157B000AF61C /* MASConstraintMaker.m */ = {isa = PBXFileReference; fileEncoding = 4; lastKnownFileType = sourcecode.c.objc; path = MASConstraintMaker.m; sourceTree = "<group>"; };
		CDAC20961E57157B000AF61C /* MASLayoutConstraint.h */ = {isa = PBXFileReference; fileEncoding = 4; lastKnownFileType = sourcecode.c.h; path = MASLayoutConstraint.h; sourceTree = "<group>"; };
		CDAC20971E57157B000AF61C /* MASLayoutConstraint.m */ = {isa = PBXFileReference; fileEncoding = 4; lastKnownFileType = sourcecode.c.objc; path = MASLayoutConstraint.m; sourceTree = "<group>"; };
		CDAC20981E57157B000AF61C /* Masonry.h */ = {isa = PBXFileReference; fileEncoding = 4; lastKnownFileType = sourcecode.c.h; path = Masonry.h; sourceTree = "<group>"; };
		CDAC20991E57157B000AF61C /* MASUtilities.h */ = {isa = PBXFileReference; fileEncoding = 4; lastKnownFileType = sourcecode.c.h; path = MASUtilities.h; sourceTree = "<group>"; };
		CDAC209A1E57157B000AF61C /* MASViewAttribute.h */ = {isa = PBXFileReference; fileEncoding = 4; lastKnownFileType = sourcecode.c.h; path = MASViewAttribute.h; sourceTree = "<group>"; };
		CDAC209B1E57157B000AF61C /* MASViewAttribute.m */ = {isa = PBXFileReference; fileEncoding = 4; lastKnownFileType = sourcecode.c.objc; path = MASViewAttribute.m; sourceTree = "<group>"; };
		CDAC209C1E57157B000AF61C /* MASViewConstraint.h */ = {isa = PBXFileReference; fileEncoding = 4; lastKnownFileType = sourcecode.c.h; path = MASViewConstraint.h; sourceTree = "<group>"; };
		CDAC209D1E57157B000AF61C /* MASViewConstraint.m */ = {isa = PBXFileReference; fileEncoding = 4; lastKnownFileType = sourcecode.c.objc; path = MASViewConstraint.m; sourceTree = "<group>"; };
		CDAC209E1E57157B000AF61C /* NSArray+MASAdditions.h */ = {isa = PBXFileReference; fileEncoding = 4; lastKnownFileType = sourcecode.c.h; path = "NSArray+MASAdditions.h"; sourceTree = "<group>"; };
		CDAC209F1E57157B000AF61C /* NSArray+MASAdditions.m */ = {isa = PBXFileReference; fileEncoding = 4; lastKnownFileType = sourcecode.c.objc; path = "NSArray+MASAdditions.m"; sourceTree = "<group>"; };
		CDAC20A01E57157B000AF61C /* NSArray+MASShorthandAdditions.h */ = {isa = PBXFileReference; fileEncoding = 4; lastKnownFileType = sourcecode.c.h; path = "NSArray+MASShorthandAdditions.h"; sourceTree = "<group>"; };
		CDAC20A11E57157B000AF61C /* NSLayoutConstraint+MASDebugAdditions.h */ = {isa = PBXFileReference; fileEncoding = 4; lastKnownFileType = sourcecode.c.h; path = "NSLayoutConstraint+MASDebugAdditions.h"; sourceTree = "<group>"; };
		CDAC20A21E57157B000AF61C /* NSLayoutConstraint+MASDebugAdditions.m */ = {isa = PBXFileReference; fileEncoding = 4; lastKnownFileType = sourcecode.c.objc; path = "NSLayoutConstraint+MASDebugAdditions.m"; sourceTree = "<group>"; };
		CDAC20A31E57157B000AF61C /* View+MASAdditions.h */ = {isa = PBXFileReference; fileEncoding = 4; lastKnownFileType = sourcecode.c.h; path = "View+MASAdditions.h"; sourceTree = "<group>"; };
		CDAC20A41E57157B000AF61C /* View+MASAdditions.m */ = {isa = PBXFileReference; fileEncoding = 4; lastKnownFileType = sourcecode.c.objc; path = "View+MASAdditions.m"; sourceTree = "<group>"; };
		CDAC20A51E57157B000AF61C /* View+MASShorthandAdditions.h */ = {isa = PBXFileReference; fileEncoding = 4; lastKnownFileType = sourcecode.c.h; path = "View+MASShorthandAdditions.h"; sourceTree = "<group>"; };
		CDAC20A61E57157B000AF61C /* ViewController+MASAdditions.h */ = {isa = PBXFileReference; fileEncoding = 4; lastKnownFileType = sourcecode.c.h; path = "ViewController+MASAdditions.h"; sourceTree = "<group>"; };
		CDAC20A71E57157B000AF61C /* ViewController+MASAdditions.m */ = {isa = PBXFileReference; fileEncoding = 4; lastKnownFileType = sourcecode.c.objc; path = "ViewController+MASAdditions.m"; sourceTree = "<group>"; };
		CDAC20B41E57172F000AF61C /* MTPrefixHeader.pch */ = {isa = PBXFileReference; fileEncoding = 4; lastKnownFileType = sourcecode.c.h; path = MTPrefixHeader.pch; sourceTree = "<group>"; };
/* End PBXFileReference section */

/* Begin PBXFrameworksBuildPhase section */
		CDAC203C1E57113A000AF61C /* Frameworks */ = {
			isa = PBXFrameworksBuildPhase;
			buildActionMask = 2147483647;
			files = (
			);
			runOnlyForDeploymentPostprocessing = 0;
		};
/* End PBXFrameworksBuildPhase section */

/* Begin PBXGroup section */
		CDAC20361E57113A000AF61C = {
			isa = PBXGroup;
			children = (
				CDAC20411E57113A000AF61C /* 美团外卖Demo */,
				CDAC20401E57113A000AF61C /* Products */,
			);
			sourceTree = "<group>";
		};
		CDAC20401E57113A000AF61C /* Products */ = {
			isa = PBXGroup;
			children = (
				CDAC203F1E57113A000AF61C /* 美团外卖Demo.app */,
			);
			name = Products;
			sourceTree = "<group>";
		};
		CDAC20411E57113A000AF61C /* 美团外卖Demo */ = {
			isa = PBXGroup;
			children = (
				CDAC20591E5711C2000AF61C /* Classes */,
				CDAC205A1E5711C2000AF61C /* Lib */,
				CDAC205B1E5711C2000AF61C /* Tools */,
				CDAC20421E57113A000AF61C /* Supporting Files */,
			);
			path = "美团外卖Demo";
			sourceTree = "<group>";
		};
		CDAC20421E57113A000AF61C /* Supporting Files */ = {
			isa = PBXGroup;
			children = (
				CDAC20451E57113A000AF61C /* AppDelegate.h */,
				CDAC20461E57113A000AF61C /* AppDelegate.m */,
				CDAC204E1E57113A000AF61C /* Assets.xcassets */,
				CDAC20501E57113A000AF61C /* LaunchScreen.storyboard */,
				CDAC20531E57113B000AF61C /* Info.plist */,
				CDAC20431E57113A000AF61C /* main.m */,
				CDAC20B41E57172F000AF61C /* MTPrefixHeader.pch */,
			);
			name = "Supporting Files";
			sourceTree = "<group>";
		};
		CDAC20591E5711C2000AF61C /* Classes */ = {
			isa = PBXGroup;
			children = (
				CDAC20861E571212000AF61C /* Home */,
				CDAC20871E571212000AF61C /* Shop */,
			);
			path = Classes;
			sourceTree = "<group>";
		};
		CDAC205A1E5711C2000AF61C /* Lib */ = {
			isa = PBXGroup;
			children = (
				CDAC208D1E57157B000AF61C /* Masonry */,
			);
			path = Lib;
			sourceTree = "<group>";
		};
		CDAC205B1E5711C2000AF61C /* Tools */ = {
			isa = PBXGroup;
			children = (
				CDAC205C1E5711C2000AF61C /* Additions */,
				CDAC20721E5711C2000AF61C /* Base */,
			);
			path = Tools;
			sourceTree = "<group>";
		};
		CDAC205C1E5711C2000AF61C /* Additions */ = {
			isa = PBXGroup;
			children = (
				CDAC205D1E5711C2000AF61C /* CZAdditions.h */,
				CDAC205E1E5711C2000AF61C /* NSArray+CZAddition.h */,
				CDAC205F1E5711C2000AF61C /* NSArray+CZAddition.m */,
				CDAC20601E5711C2000AF61C /* NSArray+Log.h */,
				CDAC20611E5711C2000AF61C /* NSArray+Log.m */,
				CDAC20621E5711C2000AF61C /* NSAttributedString+CZAdditon.h */,
				CDAC20631E5711C2000AF61C /* NSAttributedString+CZAdditon.m */,
				CDAC20641E5711C2000AF61C /* NSObject+CZAddition.h */,
				CDAC20651E5711C2000AF61C /* NSObject+CZAddition.m */,
				CDAC20661E5711C2000AF61C /* UIButton+CZAddition.h */,
				CDAC20671E5711C2000AF61C /* UIButton+CZAddition.m */,
				CDAC20681E5711C2000AF61C /* UIColor+CZAddition.h */,
				CDAC20691E5711C2000AF61C /* UIColor+CZAddition.m */,
				CDAC206A1E5711C2000AF61C /* UILabel+CZAddition.h */,
				CDAC206B1E5711C2000AF61C /* UILabel+CZAddition.m */,
				CDAC206C1E5711C2000AF61C /* UIScreen+CZAddition.h */,
				CDAC206D1E5711C2000AF61C /* UIScreen+CZAddition.m */,
				CDAC206E1E5711C2000AF61C /* UIView+CZAddition.h */,
				CDAC206F1E5711C2000AF61C /* UIView+CZAddition.m */,
				CDAC20701E5711C2000AF61C /* UIViewController+CZAddition.h */,
				CDAC20711E5711C2000AF61C /* UIViewController+CZAddition.m */,
			);
			path = Additions;
			sourceTree = "<group>";
		};
		CDAC20721E5711C2000AF61C /* Base */ = {
			isa = PBXGroup;
			children = (
				CDAC20731E5711C2000AF61C /* MTBaseControl.h */,
				CDAC20741E5711C2000AF61C /* MTBaseControl.m */,
				CDAC20751E5711C2000AF61C /* MTBaseView.h */,
				CDAC20761E5711C2000AF61C /* MTBaseView.m */,
				CDAC20771E5711C2000AF61C /* MTBaseViewController.h */,
				CDAC20781E5711C2000AF61C /* MTBaseViewController.m */,
			);
			path = Base;
			sourceTree = "<group>";
		};
		CDAC20861E571212000AF61C /* Home */ = {
			isa = PBXGroup;
			children = (
				CDAC20891E571433000AF61C /* MTHomeViewController.h */,
				CDAC208A1E571433000AF61C /* MTHomeViewController.m */,
			);
			path = Home;
			sourceTree = "<group>";
		};
		CDAC20871E571212000AF61C /* Shop */ = {
			isa = PBXGroup;
			children = (
			);
			path = Shop;
			sourceTree = "<group>";
		};
		CDAC208D1E57157B000AF61C /* Masonry */ = {
			isa = PBXGroup;
			children = (
				CDAC208E1E57157B000AF61C /* Info.plist */,
				CDAC208F1E57157B000AF61C /* MASCompositeConstraint.h */,
				CDAC20901E57157B000AF61C /* MASCompositeConstraint.m */,
				CDAC20911E57157B000AF61C /* MASConstraint+Private.h */,
				CDAC20921E57157B000AF61C /* MASConstraint.h */,
				CDAC20931E57157B000AF61C /* MASConstraint.m */,
				CDAC20941E57157B000AF61C /* MASConstraintMaker.h */,
				CDAC20951E57157B000AF61C /* MASConstraintMaker.m */,
				CDAC20961E57157B000AF61C /* MASLayoutConstraint.h */,
				CDAC20971E57157B000AF61C /* MASLayoutConstraint.m */,
				CDAC20981E57157B000AF61C /* Masonry.h */,
				CDAC20991E57157B000AF61C /* MASUtilities.h */,
				CDAC209A1E57157B000AF61C /* MASViewAttribute.h */,
				CDAC209B1E57157B000AF61C /* MASViewAttribute.m */,
				CDAC209C1E57157B000AF61C /* MASViewConstraint.h */,
				CDAC209D1E57157B000AF61C /* MASViewConstraint.m */,
				CDAC209E1E57157B000AF61C /* NSArray+MASAdditions.h */,
				CDAC209F1E57157B000AF61C /* NSArray+MASAdditions.m */,
				CDAC20A01E57157B000AF61C /* NSArray+MASShorthandAdditions.h */,
				CDAC20A11E57157B000AF61C /* NSLayoutConstraint+MASDebugAdditions.h */,
				CDAC20A21E57157B000AF61C /* NSLayoutConstraint+MASDebugAdditions.m */,
				CDAC20A31E57157B000AF61C /* View+MASAdditions.h */,
				CDAC20A41E57157B000AF61C /* View+MASAdditions.m */,
				CDAC20A51E57157B000AF61C /* View+MASShorthandAdditions.h */,
				CDAC20A61E57157B000AF61C /* ViewController+MASAdditions.h */,
				CDAC20A71E57157B000AF61C /* ViewController+MASAdditions.m */,
			);
			path = Masonry;
			sourceTree = "<group>";
		};
/* End PBXGroup section */

/* Begin PBXNativeTarget section */
		CDAC203E1E57113A000AF61C /* 美团外卖Demo */ = {
			isa = PBXNativeTarget;
			buildConfigurationList = CDAC20561E57113B000AF61C /* Build configuration list for PBXNativeTarget "美团外卖Demo" */;
			buildPhases = (
				CDAC203B1E57113A000AF61C /* Sources */,
				CDAC203C1E57113A000AF61C /* Frameworks */,
				CDAC203D1E57113A000AF61C /* Resources */,
			);
			buildRules = (
			);
			dependencies = (
			);
			name = "美团外卖Demo";
			productName = "美团外卖Demo";
			productReference = CDAC203F1E57113A000AF61C /* 美团外卖Demo.app */;
			productType = "com.apple.product-type.application";
		};
/* End PBXNativeTarget section */

/* Begin PBXProject section */
		CDAC20371E57113A000AF61C /* Project object */ = {
			isa = PBXProject;
			attributes = {
				CLASSPREFIX = MT;
				LastUpgradeCheck = 0820;
				ORGANIZATIONNAME = LockLight;
				TargetAttributes = {
					CDAC203E1E57113A000AF61C = {
						CreatedOnToolsVersion = 8.2.1;
						DevelopmentTeam = BV8SCCJTGN;
						ProvisioningStyle = Automatic;
					};
				};
			};
			buildConfigurationList = CDAC203A1E57113A000AF61C /* Build configuration list for PBXProject "美团外卖Demo" */;
			compatibilityVersion = "Xcode 3.2";
			developmentRegion = English;
			hasScannedForEncodings = 0;
			knownRegions = (
				en,
				Base,
			);
			mainGroup = CDAC20361E57113A000AF61C;
			productRefGroup = CDAC20401E57113A000AF61C /* Products */;
			projectDirPath = "";
			projectRoot = "";
			targets = (
				CDAC203E1E57113A000AF61C /* 美团外卖Demo */,
			);
		};
/* End PBXProject section */

/* Begin PBXResourcesBuildPhase section */
		CDAC203D1E57113A000AF61C /* Resources */ = {
			isa = PBXResourcesBuildPhase;
			buildActionMask = 2147483647;
			files = (
				CDAC20521E57113A000AF61C /* LaunchScreen.storyboard in Resources */,
				CDAC204F1E57113A000AF61C /* Assets.xcassets in Resources */,
				CDAC20A81E57157B000AF61C /* Info.plist in Resources */,
			);
			runOnlyForDeploymentPostprocessing = 0;
		};
/* End PBXResourcesBuildPhase section */

/* Begin PBXSourcesBuildPhase section */
		CDAC203B1E57113A000AF61C /* Sources */ = {
			isa = PBXSourcesBuildPhase;
			buildActionMask = 2147483647;
			files = (
				CDAC20811E5711C2000AF61C /* UIView+CZAddition.m in Sources */,
				CDAC20AE1E57157B000AF61C /* MASViewConstraint.m in Sources */,
				CDAC20801E5711C2000AF61C /* UIScreen+CZAddition.m in Sources */,
				CDAC20AA1E57157B000AF61C /* MASConstraint.m in Sources */,
				CDAC207F1E5711C2000AF61C /* UILabel+CZAddition.m in Sources */,
				CDAC207E1E5711C2000AF61C /* UIColor+CZAddition.m in Sources */,
				CDAC207C1E5711C2000AF61C /* NSObject+CZAddition.m in Sources */,
				CDAC20851E5711C2000AF61C /* MTBaseViewController.m in Sources */,
				CDAC20B21E57157B000AF61C /* ViewController+MASAdditions.m in Sources */,
				CDAC20B11E57157B000AF61C /* View+MASAdditions.m in Sources */,
				CDAC20831E5711C2000AF61C /* MTBaseControl.m in Sources */,
				CDAC20AD1E57157B000AF61C /* MASViewAttribute.m in Sources */,
				CDAC207D1E5711C2000AF61C /* UIButton+CZAddition.m in Sources */,
				CDAC20791E5711C2000AF61C /* NSArray+CZAddition.m in Sources */,
				CDAC20841E5711C2000AF61C /* MTBaseView.m in Sources */,
				CDAC20A91E57157B000AF61C /* MASCompositeConstraint.m in Sources */,
				CDAC20AC1E57157B000AF61C /* MASLayoutConstraint.m in Sources */,
				CDAC208B1E571433000AF61C /* MTHomeViewController.m in Sources */,
				CDAC207A1E5711C2000AF61C /* NSArray+Log.m in Sources */,
				CDAC20AB1E57157B000AF61C /* MASConstraintMaker.m in Sources */,
				CDAC20AF1E57157B000AF61C /* NSArray+MASAdditions.m in Sources */,
				CDAC207B1E5711C2000AF61C /* NSAttributedString+CZAdditon.m in Sources */,
				CDAC20821E5711C2000AF61C /* UIViewController+CZAddition.m in Sources */,
				CDAC20471E57113A000AF61C /* AppDelegate.m in Sources */,
				CDAC20441E57113A000AF61C /* main.m in Sources */,
				CDAC20B01E57157B000AF61C /* NSLayoutConstraint+MASDebugAdditions.m in Sources */,
			);
			runOnlyForDeploymentPostprocessing = 0;
		};
/* End PBXSourcesBuildPhase section */

/* Begin PBXVariantGroup section */
		CDAC20501E57113A000AF61C /* LaunchScreen.storyboard */ = {
			isa = PBXVariantGroup;
			children = (
				CDAC20511E57113A000AF61C /* Base */,
			);
			name = LaunchScreen.storyboard;
			sourceTree = "<group>";
		};
/* End PBXVariantGroup section */

/* Begin XCBuildConfiguration section */
		CDAC20541E57113B000AF61C /* Debug */ = {
			isa = XCBuildConfiguration;
			buildSettings = {
				ALWAYS_SEARCH_USER_PATHS = NO;
				CLANG_ANALYZER_NONNULL = YES;
				CLANG_CXX_LANGUAGE_STANDARD = "gnu++0x";
				CLANG_CXX_LIBRARY = "libc++";
				CLANG_ENABLE_MODULES = YES;
				CLANG_ENABLE_OBJC_ARC = YES;
				CLANG_WARN_BOOL_CONVERSION = YES;
				CLANG_WARN_CONSTANT_CONVERSION = YES;
				CLANG_WARN_DIRECT_OBJC_ISA_USAGE = YES_ERROR;
				CLANG_WARN_DOCUMENTATION_COMMENTS = YES;
				CLANG_WARN_EMPTY_BODY = YES;
				CLANG_WARN_ENUM_CONVERSION = YES;
				CLANG_WARN_INFINITE_RECURSION = YES;
				CLANG_WARN_INT_CONVERSION = YES;
				CLANG_WARN_OBJC_ROOT_CLASS = YES_ERROR;
				CLANG_WARN_SUSPICIOUS_MOVE = YES;
				CLANG_WARN_UNREACHABLE_CODE = YES;
				CLANG_WARN__DUPLICATE_METHOD_MATCH = YES;
				"CODE_SIGN_IDENTITY[sdk=iphoneos*]" = "iPhone Developer";
				COPY_PHASE_STRIP = NO;
				DEBUG_INFORMATION_FORMAT = dwarf;
				ENABLE_STRICT_OBJC_MSGSEND = YES;
				ENABLE_TESTABILITY = YES;
				GCC_C_LANGUAGE_STANDARD = gnu99;
				GCC_DYNAMIC_NO_PIC = NO;
				GCC_NO_COMMON_BLOCKS = YES;
				GCC_OPTIMIZATION_LEVEL = 0;
				GCC_PREPROCESSOR_DEFINITIONS = (
					"DEBUG=1",
					"$(inherited)",
				);
				GCC_WARN_64_TO_32_BIT_CONVERSION = YES;
				GCC_WARN_ABOUT_RETURN_TYPE = YES_ERROR;
				GCC_WARN_UNDECLARED_SELECTOR = YES;
				GCC_WARN_UNINITIALIZED_AUTOS = YES_AGGRESSIVE;
				GCC_WARN_UNUSED_FUNCTION = YES;
				GCC_WARN_UNUSED_VARIABLE = YES;
				IPHONEOS_DEPLOYMENT_TARGET = 10.2;
				MTL_ENABLE_DEBUG_INFO = YES;
				ONLY_ACTIVE_ARCH = YES;
				SDKROOT = iphoneos;
			};
			name = Debug;
		};
		CDAC20551E57113B000AF61C /* Release */ = {
			isa = XCBuildConfiguration;
			buildSettings = {
				ALWAYS_SEARCH_USER_PATHS = NO;
				CLANG_ANALYZER_NONNULL = YES;
				CLANG_CXX_LANGUAGE_STANDARD = "gnu++0x";
				CLANG_CXX_LIBRARY = "libc++";
				CLANG_ENABLE_MODULES = YES;
				CLANG_ENABLE_OBJC_ARC = YES;
				CLANG_WARN_BOOL_CONVERSION = YES;
				CLANG_WARN_CONSTANT_CONVERSION = YES;
				CLANG_WARN_DIRECT_OBJC_ISA_USAGE = YES_ERROR;
				CLANG_WARN_DOCUMENTATION_COMMENTS = YES;
				CLANG_WARN_EMPTY_BODY = YES;
				CLANG_WARN_ENUM_CONVERSION = YES;
				CLANG_WARN_INFINITE_RECURSION = YES;
				CLANG_WARN_INT_CONVERSION = YES;
				CLANG_WARN_OBJC_ROOT_CLASS = YES_ERROR;
				CLANG_WARN_SUSPICIOUS_MOVE = YES;
				CLANG_WARN_UNREACHABLE_CODE = YES;
				CLANG_WARN__DUPLICATE_METHOD_MATCH = YES;
				"CODE_SIGN_IDENTITY[sdk=iphoneos*]" = "iPhone Developer";
				COPY_PHASE_STRIP = NO;
				DEBUG_INFORMATION_FORMAT = "dwarf-with-dsym";
				ENABLE_NS_ASSERTIONS = NO;
				ENABLE_STRICT_OBJC_MSGSEND = YES;
				GCC_C_LANGUAGE_STANDARD = gnu99;
				GCC_NO_COMMON_BLOCKS = YES;
				GCC_WARN_64_TO_32_BIT_CONVERSION = YES;
				GCC_WARN_ABOUT_RETURN_TYPE = YES_ERROR;
				GCC_WARN_UNDECLARED_SELECTOR = YES;
				GCC_WARN_UNINITIALIZED_AUTOS = YES_AGGRESSIVE;
				GCC_WARN_UNUSED_FUNCTION = YES;
				GCC_WARN_UNUSED_VARIABLE = YES;
				IPHONEOS_DEPLOYMENT_TARGET = 10.2;
				MTL_ENABLE_DEBUG_INFO = NO;
				SDKROOT = iphoneos;
				VALIDATE_PRODUCT = YES;
			};
			name = Release;
		};
		CDAC20571E57113B000AF61C /* Debug */ = {
			isa = XCBuildConfiguration;
			buildSettings = {
				ASSETCATALOG_COMPILER_APPICON_NAME = AppIcon;
				DEVELOPMENT_TEAM = BV8SCCJTGN;
				GCC_PRECOMPILE_PREFIX_HEADER = YES;
				GCC_PREFIX_HEADER = "美团外卖Demo/MTPrefixHeader.pch";
				INFOPLIST_FILE = "美团外卖Demo/Info.plist";
				LD_RUNPATH_SEARCH_PATHS = "$(inherited) @executable_path/Frameworks";
				PRODUCT_BUNDLE_IDENTIFIER = "com.LockLightz-gmail.com.----Demo";
				PRODUCT_NAME = "$(TARGET_NAME)";
			};
			name = Debug;
		};
		CDAC20581E57113B000AF61C /* Release */ = {
			isa = XCBuildConfiguration;
			buildSettings = {
				ASSETCATALOG_COMPILER_APPICON_NAME = AppIcon;
				DEVELOPMENT_TEAM = BV8SCCJTGN;
				GCC_PRECOMPILE_PREFIX_HEADER = YES;
				GCC_PREFIX_HEADER = "美团外卖Demo/MTPrefixHeader.pch";
				INFOPLIST_FILE = "美团外卖Demo/Info.plist";
				LD_RUNPATH_SEARCH_PATHS = "$(inherited) @executable_path/Frameworks";
				PRODUCT_BUNDLE_IDENTIFIER = "com.LockLightz-gmail.com.----Demo";
				PRODUCT_NAME = "$(TARGET_NAME)";
			};
			name = Release;
		};
/* End XCBuildConfiguration section */

/* Begin XCConfigurationList section */
		CDAC203A1E57113A000AF61C /* Build configuration list for PBXProject "美团外卖Demo" */ = {
			isa = XCConfigurationList;
			buildConfigurations = (
				CDAC20541E57113B000AF61C /* Debug */,
				CDAC20551E57113B000AF61C /* Release */,
			);
			defaultConfigurationIsVisible = 0;
			defaultConfigurationName = Release;
		};
		CDAC20561E57113B000AF61C /* Build configuration list for PBXNativeTarget "美团外卖Demo" */ = {
			isa = XCConfigurationList;
			buildConfigurations = (
				CDAC20571E57113B000AF61C /* Debug */,
				CDAC20581E57113B000AF61C /* Release */,
			);
			defaultConfigurationIsVisible = 0;
		};
/* End XCConfigurationList section */
	};
	rootObject = CDAC20371E57113A000AF61C /* Project object */;
}
